// !$*UTF8*$!
{
	archiveVersion = 1;
	classes = {
	};
	objectVersion = 50;
	objects = {

/* Begin PBXBuildFile section */
		D020BBD623F5F0320063843B /* EpisodeViewController.swift in Sources */ = {isa = PBXBuildFile; fileRef = D020BBD523F5F0320063843B /* EpisodeViewController.swift */; };
		D020BBD823F5F0440063843B /* EpisodeViewController.xib in Resources */ = {isa = PBXBuildFile; fileRef = D020BBD723F5F0440063843B /* EpisodeViewController.xib */; };
		D020BBDB23F5F4180063843B /* Episode.swift in Sources */ = {isa = PBXBuildFile; fileRef = D020BBDA23F5F4180063843B /* Episode.swift */; };
		D020BBDF23F6022F0063843B /* CastViewController.swift in Sources */ = {isa = PBXBuildFile; fileRef = D020BBDE23F6022F0063843B /* CastViewController.swift */; };
		D020BBE123F6023F0063843B /* CastViewController.xib in Resources */ = {isa = PBXBuildFile; fileRef = D020BBE023F6023F0063843B /* CastViewController.xib */; };
		D020BBE323F602AA0063843B /* SettingsViewController.swift in Sources */ = {isa = PBXBuildFile; fileRef = D020BBE223F602AA0063843B /* SettingsViewController.swift */; };
		D020BBE523F602BA0063843B /* SettingsViewController.xib in Resources */ = {isa = PBXBuildFile; fileRef = D020BBE423F602BA0063843B /* SettingsViewController.xib */; };
		D020BBE723F607690063843B /* HouseViewController.swift in Sources */ = {isa = PBXBuildFile; fileRef = D020BBE623F607690063843B /* HouseViewController.swift */; };
		D020BBE923F6077A0063843B /* HouseViewController.xib in Resources */ = {isa = PBXBuildFile; fileRef = D020BBE823F6077A0063843B /* HouseViewController.xib */; };
		D020BBEF23FA8DA20063843B /* OpenHelp.swift in Sources */ = {isa = PBXBuildFile; fileRef = D020BBEE23FA8DA10063843B /* OpenHelp.swift */; };
		D020BBF123FA8E010063843B /* OpenHelp.xib in Resources */ = {isa = PBXBuildFile; fileRef = D020BBF023FA8E010063843B /* OpenHelp.xib */; };
		D020BBF323FA96060063843B /* openProfile.swift in Sources */ = {isa = PBXBuildFile; fileRef = D020BBF223FA96060063843B /* openProfile.swift */; };
		D020BBF523FA961F0063843B /* OpenProfile.xib in Resources */ = {isa = PBXBuildFile; fileRef = D020BBF423FA961F0063843B /* OpenProfile.xib */; };
		D03A44EC23FB31A400E820E3 /* EpisodeTableViewCell.swift in Sources */ = {isa = PBXBuildFile; fileRef = D03A44EB23FB31A400E820E3 /* EpisodeTableViewCell.swift */; };
		D03A44EE23FB31DF00E820E3 /* EpisodeTableViewCell.xib in Resources */ = {isa = PBXBuildFile; fileRef = D03A44ED23FB31DF00E820E3 /* EpisodeTableViewCell.xib */; };
		D03A44F023FB488100E820E3 /* CastTableViewCell.swift in Sources */ = {isa = PBXBuildFile; fileRef = D03A44EF23FB488100E820E3 /* CastTableViewCell.swift */; };
		D03A44F223FB489400E820E3 /* CastTableViewCell.xib in Resources */ = {isa = PBXBuildFile; fileRef = D03A44F123FB489400E820E3 /* CastTableViewCell.xib */; };
		D03A44F423FB4B5F00E820E3 /* Cast.swift in Sources */ = {isa = PBXBuildFile; fileRef = D03A44F323FB4B5F00E820E3 /* Cast.swift */; };
		D03A44F623FB513D00E820E3 /* DataController.swift in Sources */ = {isa = PBXBuildFile; fileRef = D03A44F523FB513D00E820E3 /* DataController.swift */; };
		D03A44FA23FB54E800E820E3 /* House.swift in Sources */ = {isa = PBXBuildFile; fileRef = D03A44F923FB54E800E820E3 /* House.swift */; };
		D049A1DF23F34BC700D3BA81 /* AppDelegate.swift in Sources */ = {isa = PBXBuildFile; fileRef = D049A1DE23F34BC700D3BA81 /* AppDelegate.swift */; };
		D049A1E123F34BC700D3BA81 /* SceneDelegate.swift in Sources */ = {isa = PBXBuildFile; fileRef = D049A1E023F34BC700D3BA81 /* SceneDelegate.swift */; };
		D049A1E823F34BD000D3BA81 /* Assets.xcassets in Resources */ = {isa = PBXBuildFile; fileRef = D049A1E723F34BD000D3BA81 /* Assets.xcassets */; };
		D049A1EB23F34BD000D3BA81 /* LaunchScreen.storyboard in Resources */ = {isa = PBXBuildFile; fileRef = D049A1E923F34BD000D3BA81 /* LaunchScreen.storyboard */; };
		D049A1F623F34BD100D3BA81 /* AppOfThronesTests.swift in Sources */ = {isa = PBXBuildFile; fileRef = D049A1F523F34BD100D3BA81 /* AppOfThronesTests.swift */; };
		D05F026523F35E4500D41629 /* RateViewController.swift in Sources */ = {isa = PBXBuildFile; fileRef = D05F026423F35E4500D41629 /* RateViewController.swift */; };
		D05F026723F35E9000D41629 /* RateViewController.xib in Resources */ = {isa = PBXBuildFile; fileRef = D05F026623F35E9000D41629 /* RateViewController.xib */; };
		D09C997224000A0B0036AAEE /* season_3.json in Resources */ = {isa = PBXBuildFile; fileRef = D09C996824000A0A0036AAEE /* season_3.json */; };
		D09C997324000A0B0036AAEE /* season_1.json in Resources */ = {isa = PBXBuildFile; fileRef = D09C996924000A0A0036AAEE /* season_1.json */; };
		D09C997424000A0B0036AAEE /* season_5.json in Resources */ = {isa = PBXBuildFile; fileRef = D09C996A24000A0A0036AAEE /* season_5.json */; };
		D09C997524000A0B0036AAEE /* houses.json in Resources */ = {isa = PBXBuildFile; fileRef = D09C996B24000A0A0036AAEE /* houses.json */; };
		D09C997624000A0B0036AAEE /* cast.json in Resources */ = {isa = PBXBuildFile; fileRef = D09C996C24000A0A0036AAEE /* cast.json */; };
		D09C997724000A0B0036AAEE /* season_8.json in Resources */ = {isa = PBXBuildFile; fileRef = D09C996D24000A0A0036AAEE /* season_8.json */; };
		D09C997824000A0B0036AAEE /* season_4.json in Resources */ = {isa = PBXBuildFile; fileRef = D09C996E24000A0A0036AAEE /* season_4.json */; };
		D09C997924000A0B0036AAEE /* season_6.json in Resources */ = {isa = PBXBuildFile; fileRef = D09C996F24000A0A0036AAEE /* season_6.json */; };
		D09C997A24000A0B0036AAEE /* season_7.json in Resources */ = {isa = PBXBuildFile; fileRef = D09C997024000A0A0036AAEE /* season_7.json */; };
		D09C997B24000A0B0036AAEE /* season_2.json in Resources */ = {isa = PBXBuildFile; fileRef = D09C997124000A0B0036AAEE /* season_2.json */; };
		D09C997F240140270036AAEE /* CastDetailViewController.swift in Sources */ = {isa = PBXBuildFile; fileRef = D09C997E240140270036AAEE /* CastDetailViewController.swift */; };
		D09C99812401403C0036AAEE /* CastDetailViewController.xib in Resources */ = {isa = PBXBuildFile; fileRef = D09C99802401403C0036AAEE /* CastDetailViewController.xib */; };
		D09C9983240142760036AAEE /* CastDetailTableVC.swift in Sources */ = {isa = PBXBuildFile; fileRef = D09C9982240142760036AAEE /* CastDetailTableVC.swift */; };
		D09C9985240142BB0036AAEE /* CastDetailTableVC.xib in Resources */ = {isa = PBXBuildFile; fileRef = D09C9984240142BB0036AAEE /* CastDetailTableVC.xib */; };
		D09C99872401677A0036AAEE /* CustomSplitViewController.swift in Sources */ = {isa = PBXBuildFile; fileRef = D09C99862401677A0036AAEE /* CustomSplitViewController.swift */; };
		D09C998B2403D6650036AAEE /* FavoritesViewController.swift in Sources */ = {isa = PBXBuildFile; fileRef = D09C998A2403D6650036AAEE /* FavoritesViewController.swift */; };
		D09C998D2403D6BB0036AAEE /* FavoritesViewController.xib in Resources */ = {isa = PBXBuildFile; fileRef = D09C998C2403D6BB0036AAEE /* FavoritesViewController.xib */; };
		D09C998F2403DDBE0036AAEE /* EpisodeDetailViewController.swift in Sources */ = {isa = PBXBuildFile; fileRef = D09C998E2403DDBE0036AAEE /* EpisodeDetailViewController.swift */; };
		D09C99912403DDD80036AAEE /* EpisodeDetailViewController.xib in Resources */ = {isa = PBXBuildFile; fileRef = D09C99902403DDD80036AAEE /* EpisodeDetailViewController.xib */; };
		D09C9993240425450036AAEE /* HouseDetailViewController.swift in Sources */ = {isa = PBXBuildFile; fileRef = D09C9992240425450036AAEE /* HouseDetailViewController.swift */; };
		D09C99952404255D0036AAEE /* HouseDetailViewController.xib in Resources */ = {isa = PBXBuildFile; fileRef = D09C99942404255D0036AAEE /* HouseDetailViewController.xib */; };
		D09C99972405282F0036AAEE /* EpisodeDetailTableVC.swift in Sources */ = {isa = PBXBuildFile; fileRef = D09C99962405282F0036AAEE /* EpisodeDetailTableVC.swift */; };
		D09C9999240528530036AAEE /* EpisodeDetailTableVC.xib in Resources */ = {isa = PBXBuildFile; fileRef = D09C9998240528530036AAEE /* EpisodeDetailTableVC.xib */; };
		D0B19BBB23FC825B00C59FA2 /* Rating.swift in Sources */ = {isa = PBXBuildFile; fileRef = D0B19BBA23FC825B00C59FA2 /* Rating.swift */; };
		D0CA504E23FC1368005EA535 /* HouseTableViewCell.swift in Sources */ = {isa = PBXBuildFile; fileRef = D0CA504D23FC1368005EA535 /* HouseTableViewCell.swift */; };
		D0CA505023FC137C005EA535 /* HouseTableViewCell.xib in Resources */ = {isa = PBXBuildFile; fileRef = D0CA504F23FC137C005EA535 /* HouseTableViewCell.xib */; };
/* End PBXBuildFile section */

/* Begin PBXContainerItemProxy section */
		D049A1F223F34BD100D3BA81 /* PBXContainerItemProxy */ = {
			isa = PBXContainerItemProxy;
			containerPortal = D049A1D323F34BC700D3BA81 /* Project object */;
			proxyType = 1;
			remoteGlobalIDString = D049A1DA23F34BC700D3BA81;
			remoteInfo = AppOfThrones;
		};
/* End PBXContainerItemProxy section */

/* Begin PBXFileReference section */
		D020BBD523F5F0320063843B /* EpisodeViewController.swift */ = {isa = PBXFileReference; lastKnownFileType = sourcecode.swift; path = EpisodeViewController.swift; sourceTree = "<group>"; };
		D020BBD723F5F0440063843B /* EpisodeViewController.xib */ = {isa = PBXFileReference; lastKnownFileType = file.xib; path = EpisodeViewController.xib; sourceTree = "<group>"; };
		D020BBDA23F5F4180063843B /* Episode.swift */ = {isa = PBXFileReference; lastKnownFileType = sourcecode.swift; path = Episode.swift; sourceTree = "<group>"; };
		D020BBDE23F6022F0063843B /* CastViewController.swift */ = {isa = PBXFileReference; lastKnownFileType = sourcecode.swift; path = CastViewController.swift; sourceTree = "<group>"; };
		D020BBE023F6023F0063843B /* CastViewController.xib */ = {isa = PBXFileReference; lastKnownFileType = file.xib; path = CastViewController.xib; sourceTree = "<group>"; };
		D020BBE223F602AA0063843B /* SettingsViewController.swift */ = {isa = PBXFileReference; lastKnownFileType = sourcecode.swift; path = SettingsViewController.swift; sourceTree = "<group>"; };
		D020BBE423F602BA0063843B /* SettingsViewController.xib */ = {isa = PBXFileReference; lastKnownFileType = file.xib; path = SettingsViewController.xib; sourceTree = "<group>"; };
		D020BBE623F607690063843B /* HouseViewController.swift */ = {isa = PBXFileReference; lastKnownFileType = sourcecode.swift; path = HouseViewController.swift; sourceTree = "<group>"; };
		D020BBE823F6077A0063843B /* HouseViewController.xib */ = {isa = PBXFileReference; lastKnownFileType = file.xib; path = HouseViewController.xib; sourceTree = "<group>"; };
		D020BBEE23FA8DA10063843B /* OpenHelp.swift */ = {isa = PBXFileReference; lastKnownFileType = sourcecode.swift; path = OpenHelp.swift; sourceTree = "<group>"; };
		D020BBF023FA8E010063843B /* OpenHelp.xib */ = {isa = PBXFileReference; lastKnownFileType = file.xib; path = OpenHelp.xib; sourceTree = "<group>"; };
		D020BBF223FA96060063843B /* openProfile.swift */ = {isa = PBXFileReference; lastKnownFileType = sourcecode.swift; path = openProfile.swift; sourceTree = "<group>"; };
		D020BBF423FA961F0063843B /* OpenProfile.xib */ = {isa = PBXFileReference; lastKnownFileType = file.xib; path = OpenProfile.xib; sourceTree = "<group>"; };
		D03A44EB23FB31A400E820E3 /* EpisodeTableViewCell.swift */ = {isa = PBXFileReference; lastKnownFileType = sourcecode.swift; path = EpisodeTableViewCell.swift; sourceTree = "<group>"; };
		D03A44ED23FB31DF00E820E3 /* EpisodeTableViewCell.xib */ = {isa = PBXFileReference; lastKnownFileType = file.xib; path = EpisodeTableViewCell.xib; sourceTree = "<group>"; };
		D03A44EF23FB488100E820E3 /* CastTableViewCell.swift */ = {isa = PBXFileReference; lastKnownFileType = sourcecode.swift; path = CastTableViewCell.swift; sourceTree = "<group>"; };
		D03A44F123FB489400E820E3 /* CastTableViewCell.xib */ = {isa = PBXFileReference; lastKnownFileType = file.xib; path = CastTableViewCell.xib; sourceTree = "<group>"; };
		D03A44F323FB4B5F00E820E3 /* Cast.swift */ = {isa = PBXFileReference; lastKnownFileType = sourcecode.swift; path = Cast.swift; sourceTree = "<group>"; };
		D03A44F523FB513D00E820E3 /* DataController.swift */ = {isa = PBXFileReference; lastKnownFileType = sourcecode.swift; path = DataController.swift; sourceTree = "<group>"; };
		D03A44F923FB54E800E820E3 /* House.swift */ = {isa = PBXFileReference; lastKnownFileType = sourcecode.swift; path = House.swift; sourceTree = "<group>"; };
		D049A1DB23F34BC700D3BA81 /* AppOfThrones.app */ = {isa = PBXFileReference; explicitFileType = wrapper.application; includeInIndex = 0; path = AppOfThrones.app; sourceTree = BUILT_PRODUCTS_DIR; };
		D049A1DE23F34BC700D3BA81 /* AppDelegate.swift */ = {isa = PBXFileReference; lastKnownFileType = sourcecode.swift; path = AppDelegate.swift; sourceTree = "<group>"; };
		D049A1E023F34BC700D3BA81 /* SceneDelegate.swift */ = {isa = PBXFileReference; lastKnownFileType = sourcecode.swift; path = SceneDelegate.swift; sourceTree = "<group>"; };
		D049A1E723F34BD000D3BA81 /* Assets.xcassets */ = {isa = PBXFileReference; lastKnownFileType = folder.assetcatalog; path = Assets.xcassets; sourceTree = "<group>"; };
		D049A1EA23F34BD000D3BA81 /* Base */ = {isa = PBXFileReference; lastKnownFileType = file.storyboard; name = Base; path = Base.lproj/LaunchScreen.storyboard; sourceTree = "<group>"; };
		D049A1EC23F34BD000D3BA81 /* Info.plist */ = {isa = PBXFileReference; lastKnownFileType = text.plist.xml; path = Info.plist; sourceTree = "<group>"; };
		D049A1F123F34BD100D3BA81 /* AppOfThronesTests.xctest */ = {isa = PBXFileReference; explicitFileType = wrapper.cfbundle; includeInIndex = 0; path = AppOfThronesTests.xctest; sourceTree = BUILT_PRODUCTS_DIR; };
		D049A1F523F34BD100D3BA81 /* AppOfThronesTests.swift */ = {isa = PBXFileReference; lastKnownFileType = sourcecode.swift; path = AppOfThronesTests.swift; sourceTree = "<group>"; };
		D049A1F723F34BD100D3BA81 /* Info.plist */ = {isa = PBXFileReference; lastKnownFileType = text.plist.xml; path = Info.plist; sourceTree = "<group>"; };
		D05F026423F35E4500D41629 /* RateViewController.swift */ = {isa = PBXFileReference; lastKnownFileType = sourcecode.swift; path = RateViewController.swift; sourceTree = "<group>"; };
		D05F026623F35E9000D41629 /* RateViewController.xib */ = {isa = PBXFileReference; lastKnownFileType = file.xib; path = RateViewController.xib; sourceTree = "<group>"; };
		D09C996824000A0A0036AAEE /* season_3.json */ = {isa = PBXFileReference; fileEncoding = 4; lastKnownFileType = text.json; name = season_3.json; path = Jsons/season_3.json; sourceTree = "<group>"; };
		D09C996924000A0A0036AAEE /* season_1.json */ = {isa = PBXFileReference; fileEncoding = 4; lastKnownFileType = text.json; name = season_1.json; path = Jsons/season_1.json; sourceTree = "<group>"; };
		D09C996A24000A0A0036AAEE /* season_5.json */ = {isa = PBXFileReference; fileEncoding = 4; lastKnownFileType = text.json; name = season_5.json; path = Jsons/season_5.json; sourceTree = "<group>"; };
		D09C996B24000A0A0036AAEE /* houses.json */ = {isa = PBXFileReference; fileEncoding = 4; lastKnownFileType = text.json; name = houses.json; path = Jsons/houses.json; sourceTree = "<group>"; };
		D09C996C24000A0A0036AAEE /* cast.json */ = {isa = PBXFileReference; fileEncoding = 4; lastKnownFileType = text.json; name = cast.json; path = Jsons/cast.json; sourceTree = "<group>"; };
		D09C996D24000A0A0036AAEE /* season_8.json */ = {isa = PBXFileReference; fileEncoding = 4; lastKnownFileType = text.json; name = season_8.json; path = Jsons/season_8.json; sourceTree = "<group>"; };
		D09C996E24000A0A0036AAEE /* season_4.json */ = {isa = PBXFileReference; fileEncoding = 4; lastKnownFileType = text.json; name = season_4.json; path = Jsons/season_4.json; sourceTree = "<group>"; };
		D09C996F24000A0A0036AAEE /* season_6.json */ = {isa = PBXFileReference; fileEncoding = 4; lastKnownFileType = text.json; name = season_6.json; path = Jsons/season_6.json; sourceTree = "<group>"; };
		D09C997024000A0A0036AAEE /* season_7.json */ = {isa = PBXFileReference; fileEncoding = 4; lastKnownFileType = text.json; name = season_7.json; path = Jsons/season_7.json; sourceTree = "<group>"; };
		D09C997124000A0B0036AAEE /* season_2.json */ = {isa = PBXFileReference; fileEncoding = 4; lastKnownFileType = text.json; name = season_2.json; path = Jsons/season_2.json; sourceTree = "<group>"; };
		D09C997E240140270036AAEE /* CastDetailViewController.swift */ = {isa = PBXFileReference; lastKnownFileType = sourcecode.swift; path = CastDetailViewController.swift; sourceTree = "<group>"; };
		D09C99802401403C0036AAEE /* CastDetailViewController.xib */ = {isa = PBXFileReference; lastKnownFileType = file.xib; path = CastDetailViewController.xib; sourceTree = "<group>"; };
		D09C9982240142760036AAEE /* CastDetailTableVC.swift */ = {isa = PBXFileReference; lastKnownFileType = sourcecode.swift; path = CastDetailTableVC.swift; sourceTree = "<group>"; };
		D09C9984240142BB0036AAEE /* CastDetailTableVC.xib */ = {isa = PBXFileReference; lastKnownFileType = file.xib; path = CastDetailTableVC.xib; sourceTree = "<group>"; };
		D09C99862401677A0036AAEE /* CustomSplitViewController.swift */ = {isa = PBXFileReference; lastKnownFileType = sourcecode.swift; path = CustomSplitViewController.swift; sourceTree = "<group>"; };
		D09C998A2403D6650036AAEE /* FavoritesViewController.swift */ = {isa = PBXFileReference; lastKnownFileType = sourcecode.swift; path = FavoritesViewController.swift; sourceTree = "<group>"; };
		D09C998C2403D6BB0036AAEE /* FavoritesViewController.xib */ = {isa = PBXFileReference; lastKnownFileType = file.xib; path = FavoritesViewController.xib; sourceTree = "<group>"; };
		D09C998E2403DDBE0036AAEE /* EpisodeDetailViewController.swift */ = {isa = PBXFileReference; lastKnownFileType = sourcecode.swift; path = EpisodeDetailViewController.swift; sourceTree = "<group>"; };
		D09C99902403DDD80036AAEE /* EpisodeDetailViewController.xib */ = {isa = PBXFileReference; lastKnownFileType = file.xib; path = EpisodeDetailViewController.xib; sourceTree = "<group>"; };
		D09C9992240425450036AAEE /* HouseDetailViewController.swift */ = {isa = PBXFileReference; lastKnownFileType = sourcecode.swift; path = HouseDetailViewController.swift; sourceTree = "<group>"; };
		D09C99942404255D0036AAEE /* HouseDetailViewController.xib */ = {isa = PBXFileReference; lastKnownFileType = file.xib; path = HouseDetailViewController.xib; sourceTree = "<group>"; };
		D09C99962405282F0036AAEE /* EpisodeDetailTableVC.swift */ = {isa = PBXFileReference; lastKnownFileType = sourcecode.swift; path = EpisodeDetailTableVC.swift; sourceTree = "<group>"; };
		D09C9998240528530036AAEE /* EpisodeDetailTableVC.xib */ = {isa = PBXFileReference; lastKnownFileType = file.xib; path = EpisodeDetailTableVC.xib; sourceTree = "<group>"; };
		D0B19BBA23FC825B00C59FA2 /* Rating.swift */ = {isa = PBXFileReference; lastKnownFileType = sourcecode.swift; path = Rating.swift; sourceTree = "<group>"; };
		D0CA504D23FC1368005EA535 /* HouseTableViewCell.swift */ = {isa = PBXFileReference; lastKnownFileType = sourcecode.swift; path = HouseTableViewCell.swift; sourceTree = "<group>"; };
		D0CA504F23FC137C005EA535 /* HouseTableViewCell.xib */ = {isa = PBXFileReference; lastKnownFileType = file.xib; path = HouseTableViewCell.xib; sourceTree = "<group>"; };
/* End PBXFileReference section */

/* Begin PBXFrameworksBuildPhase section */
		D049A1D823F34BC700D3BA81 /* Frameworks */ = {
			isa = PBXFrameworksBuildPhase;
			buildActionMask = 2147483647;
			files = (
			);
			runOnlyForDeploymentPostprocessing = 0;
		};
		D049A1EE23F34BD100D3BA81 /* Frameworks */ = {
			isa = PBXFrameworksBuildPhase;
			buildActionMask = 2147483647;
			files = (
			);
			runOnlyForDeploymentPostprocessing = 0;
		};
/* End PBXFrameworksBuildPhase section */

/* Begin PBXGroup section */
		D020BBD923F5F3E90063843B /* Model */ = {
			isa = PBXGroup;
			children = (
				D020BBDA23F5F4180063843B /* Episode.swift */,
				D03A44F323FB4B5F00E820E3 /* Cast.swift */,
				D03A44F923FB54E800E820E3 /* House.swift */,
				D0B19BBA23FC825B00C59FA2 /* Rating.swift */,
			);
			path = Model;
			sourceTree = "<group>";
		};
		D020BBDC23F601DD0063843B /* Cast */ = {
			isa = PBXGroup;
			children = (
				D020BBDE23F6022F0063843B /* CastViewController.swift */,
				D020BBE023F6023F0063843B /* CastViewController.xib */,
				D03A44EF23FB488100E820E3 /* CastTableViewCell.swift */,
				D03A44F123FB489400E820E3 /* CastTableViewCell.xib */,
				D09C997E240140270036AAEE /* CastDetailViewController.swift */,
				D09C99802401403C0036AAEE /* CastDetailViewController.xib */,
				D09C9982240142760036AAEE /* CastDetailTableVC.swift */,
				D09C9984240142BB0036AAEE /* CastDetailTableVC.xib */,
			);
			path = Cast;
			sourceTree = "<group>";
		};
		D020BBDD23F601FF0063843B /* Settings */ = {
			isa = PBXGroup;
			children = (
				D020BBE223F602AA0063843B /* SettingsViewController.swift */,
				D020BBE423F602BA0063843B /* SettingsViewController.xib */,
				D020BBF223FA96060063843B /* openProfile.swift */,
				D020BBF423FA961F0063843B /* OpenProfile.xib */,
				D020BBEE23FA8DA10063843B /* OpenHelp.swift */,
				D020BBF023FA8E010063843B /* OpenHelp.xib */,
			);
			path = Settings;
			sourceTree = "<group>";
		};
		D03A44F823FB544900E820E3 /* Houses */ = {
			isa = PBXGroup;
			children = (
				D020BBE623F607690063843B /* HouseViewController.swift */,
				D020BBE823F6077A0063843B /* HouseViewController.xib */,
				D0CA504D23FC1368005EA535 /* HouseTableViewCell.swift */,
				D0CA504F23FC137C005EA535 /* HouseTableViewCell.xib */,
				D09C9992240425450036AAEE /* HouseDetailViewController.swift */,
				D09C99942404255D0036AAEE /* HouseDetailViewController.xib */,
			);
			path = Houses;
			sourceTree = "<group>";
		};
		D049A1D223F34BC700D3BA81 = {
			isa = PBXGroup;
			children = (
				D049A1DD23F34BC700D3BA81 /* AppOfThrones */,
				D049A1F423F34BD100D3BA81 /* AppOfThronesTests */,
				D049A1DC23F34BC700D3BA81 /* Products */,
			);
			sourceTree = "<group>";
		};
		D049A1DC23F34BC700D3BA81 /* Products */ = {
			isa = PBXGroup;
			children = (
				D049A1DB23F34BC700D3BA81 /* AppOfThrones.app */,
				D049A1F123F34BD100D3BA81 /* AppOfThronesTests.xctest */,
			);
			name = Products;
			sourceTree = "<group>";
		};
		D049A1DD23F34BC700D3BA81 /* AppOfThrones */ = {
			isa = PBXGroup;
			children = (
				D049A1DE23F34BC700D3BA81 /* AppDelegate.swift */,
				D049A1E023F34BC700D3BA81 /* SceneDelegate.swift */,
				D09C99862401677A0036AAEE /* CustomSplitViewController.swift */,
				D03A44F523FB513D00E820E3 /* DataController.swift */,
				D020BBD923F5F3E90063843B /* Model */,
				D05F026823F5DD1400D41629 /* Episodios */,
				D03A44F823FB544900E820E3 /* Houses */,
				D020BBDC23F601DD0063843B /* Cast */,
				D09C99892403D61C0036AAEE /* Favorites */,
				D020BBDD23F601FF0063843B /* Settings */,
				D049A1E723F34BD000D3BA81 /* Assets.xcassets */,
				D09C996C24000A0A0036AAEE /* cast.json */,
				D09C996B24000A0A0036AAEE /* houses.json */,
				D09C996924000A0A0036AAEE /* season_1.json */,
				D09C997124000A0B0036AAEE /* season_2.json */,
				D09C996824000A0A0036AAEE /* season_3.json */,
				D09C996E24000A0A0036AAEE /* season_4.json */,
				D09C996A24000A0A0036AAEE /* season_5.json */,
				D09C996F24000A0A0036AAEE /* season_6.json */,
				D09C997024000A0A0036AAEE /* season_7.json */,
				D09C996D24000A0A0036AAEE /* season_8.json */,
				D049A1E923F34BD000D3BA81 /* LaunchScreen.storyboard */,
				D049A1EC23F34BD000D3BA81 /* Info.plist */,
			);
			path = AppOfThrones;
			sourceTree = "<group>";
		};
		D049A1F423F34BD100D3BA81 /* AppOfThronesTests */ = {
			isa = PBXGroup;
			children = (
				D049A1F523F34BD100D3BA81 /* AppOfThronesTests.swift */,
				D049A1F723F34BD100D3BA81 /* Info.plist */,
			);
			path = AppOfThronesTests;
			sourceTree = "<group>";
		};
		D05F026823F5DD1400D41629 /* Episodios */ = {
			isa = PBXGroup;
			children = (
				D05F026423F35E4500D41629 /* RateViewController.swift */,
				D05F026623F35E9000D41629 /* RateViewController.xib */,
				D020BBD523F5F0320063843B /* EpisodeViewController.swift */,
				D020BBD723F5F0440063843B /* EpisodeViewController.xib */,
				D03A44EB23FB31A400E820E3 /* EpisodeTableViewCell.swift */,
				D03A44ED23FB31DF00E820E3 /* EpisodeTableViewCell.xib */,
				D09C998E2403DDBE0036AAEE /* EpisodeDetailViewController.swift */,
				D09C99902403DDD80036AAEE /* EpisodeDetailViewController.xib */,
				D09C99962405282F0036AAEE /* EpisodeDetailTableVC.swift */,
				D09C9998240528530036AAEE /* EpisodeDetailTableVC.xib */,
			);
			path = Episodios;
			sourceTree = "<group>";
		};
		D09C99892403D61C0036AAEE /* Favorites */ = {
			isa = PBXGroup;
			children = (
				D09C998A2403D6650036AAEE /* FavoritesViewController.swift */,
				D09C998C2403D6BB0036AAEE /* FavoritesViewController.xib */,
			);
			path = Favorites;
			sourceTree = "<group>";
		};
/* End PBXGroup section */

/* Begin PBXNativeTarget section */
		D049A1DA23F34BC700D3BA81 /* AppOfThrones */ = {
			isa = PBXNativeTarget;
			buildConfigurationList = D049A1FA23F34BD100D3BA81 /* Build configuration list for PBXNativeTarget "AppOfThrones" */;
			buildPhases = (
				D049A1D723F34BC700D3BA81 /* Sources */,
				D049A1D823F34BC700D3BA81 /* Frameworks */,
				D049A1D923F34BC700D3BA81 /* Resources */,
			);
			buildRules = (
			);
			dependencies = (
			);
			name = AppOfThrones;
			productName = AppOfThrones;
			productReference = D049A1DB23F34BC700D3BA81 /* AppOfThrones.app */;
			productType = "com.apple.product-type.application";
		};
		D049A1F023F34BD100D3BA81 /* AppOfThronesTests */ = {
			isa = PBXNativeTarget;
			buildConfigurationList = D049A1FD23F34BD100D3BA81 /* Build configuration list for PBXNativeTarget "AppOfThronesTests" */;
			buildPhases = (
				D049A1ED23F34BD100D3BA81 /* Sources */,
				D049A1EE23F34BD100D3BA81 /* Frameworks */,
				D049A1EF23F34BD100D3BA81 /* Resources */,
			);
			buildRules = (
			);
			dependencies = (
				D049A1F323F34BD100D3BA81 /* PBXTargetDependency */,
			);
			name = AppOfThronesTests;
			productName = AppOfThronesTests;
			productReference = D049A1F123F34BD100D3BA81 /* AppOfThronesTests.xctest */;
			productType = "com.apple.product-type.bundle.unit-test";
		};
/* End PBXNativeTarget section */

/* Begin PBXProject section */
		D049A1D323F34BC700D3BA81 /* Project object */ = {
			isa = PBXProject;
			attributes = {
				LastSwiftUpdateCheck = 1130;
				LastUpgradeCheck = 1130;
				ORGANIZATIONNAME = "Sergio Cazorla";
				TargetAttributes = {
					D049A1DA23F34BC700D3BA81 = {
						CreatedOnToolsVersion = 11.3.1;
					};
					D049A1F023F34BD100D3BA81 = {
						CreatedOnToolsVersion = 11.3.1;
						TestTargetID = D049A1DA23F34BC700D3BA81;
					};
				};
			};
			buildConfigurationList = D049A1D623F34BC700D3BA81 /* Build configuration list for PBXProject "AppOfThrones" */;
			compatibilityVersion = "Xcode 9.3";
			developmentRegion = en;
			hasScannedForEncodings = 0;
			knownRegions = (
				en,
				Base,
			);
			mainGroup = D049A1D223F34BC700D3BA81;
			productRefGroup = D049A1DC23F34BC700D3BA81 /* Products */;
			projectDirPath = "";
			projectRoot = "";
			targets = (
				D049A1DA23F34BC700D3BA81 /* AppOfThrones */,
				D049A1F023F34BD100D3BA81 /* AppOfThronesTests */,
			);
		};
/* End PBXProject section */

/* Begin PBXResourcesBuildPhase section */
		D049A1D923F34BC700D3BA81 /* Resources */ = {
			isa = PBXResourcesBuildPhase;
			buildActionMask = 2147483647;
			files = (
				D020BBF123FA8E010063843B /* OpenHelp.xib in Resources */,
				D09C99812401403C0036AAEE /* CastDetailViewController.xib in Resources */,
				D09C99952404255D0036AAEE /* HouseDetailViewController.xib in Resources */,
				D09C997424000A0B0036AAEE /* season_5.json in Resources */,
				D05F026723F35E9000D41629 /* RateViewController.xib in Resources */,
				D03A44F223FB489400E820E3 /* CastTableViewCell.xib in Resources */,
				D020BBE523F602BA0063843B /* SettingsViewController.xib in Resources */,
				D09C997224000A0B0036AAEE /* season_3.json in Resources */,
				D03A44EE23FB31DF00E820E3 /* EpisodeTableViewCell.xib in Resources */,
				D09C997A24000A0B0036AAEE /* season_7.json in Resources */,
				D049A1EB23F34BD000D3BA81 /* LaunchScreen.storyboard in Resources */,
				D0CA505023FC137C005EA535 /* HouseTableViewCell.xib in Resources */,
				D020BBE123F6023F0063843B /* CastViewController.xib in Resources */,
				D09C997B24000A0B0036AAEE /* season_2.json in Resources */,
				D09C9999240528530036AAEE /* EpisodeDetailTableVC.xib in Resources */,
				D09C998D2403D6BB0036AAEE /* FavoritesViewController.xib in Resources */,
				D09C9985240142BB0036AAEE /* CastDetailTableVC.xib in Resources */,
				D09C997524000A0B0036AAEE /* houses.json in Resources */,
				D09C997924000A0B0036AAEE /* season_6.json in Resources */,
				D020BBE923F6077A0063843B /* HouseViewController.xib in Resources */,
				D020BBD823F5F0440063843B /* EpisodeViewController.xib in Resources */,
				D09C997824000A0B0036AAEE /* season_4.json in Resources */,
				D09C997724000A0B0036AAEE /* season_8.json in Resources */,
				D09C997624000A0B0036AAEE /* cast.json in Resources */,
				D049A1E823F34BD000D3BA81 /* Assets.xcassets in Resources */,
				D09C99912403DDD80036AAEE /* EpisodeDetailViewController.xib in Resources */,
				D09C997324000A0B0036AAEE /* season_1.json in Resources */,
				D020BBF523FA961F0063843B /* OpenProfile.xib in Resources */,
			);
			runOnlyForDeploymentPostprocessing = 0;
		};
		D049A1EF23F34BD100D3BA81 /* Resources */ = {
			isa = PBXResourcesBuildPhase;
			buildActionMask = 2147483647;
			files = (
			);
			runOnlyForDeploymentPostprocessing = 0;
		};
/* End PBXResourcesBuildPhase section */

/* Begin PBXSourcesBuildPhase section */
		D049A1D723F34BC700D3BA81 /* Sources */ = {
			isa = PBXSourcesBuildPhase;
			buildActionMask = 2147483647;
			files = (
				D09C9983240142760036AAEE /* CastDetailTableVC.swift in Sources */,
				D05F026523F35E4500D41629 /* RateViewController.swift in Sources */,
				D09C99972405282F0036AAEE /* EpisodeDetailTableVC.swift in Sources */,
				D049A1DF23F34BC700D3BA81 /* AppDelegate.swift in Sources */,
				D0B19BBB23FC825B00C59FA2 /* Rating.swift in Sources */,
				D020BBE323F602AA0063843B /* SettingsViewController.swift in Sources */,
				D020BBF323FA96060063843B /* openProfile.swift in Sources */,
				D03A44F423FB4B5F00E820E3 /* Cast.swift in Sources */,
				D020BBD623F5F0320063843B /* EpisodeViewController.swift in Sources */,
				D09C99872401677A0036AAEE /* CustomSplitViewController.swift in Sources */,
				D020BBDB23F5F4180063843B /* Episode.swift in Sources */,
				D03A44F623FB513D00E820E3 /* DataController.swift in Sources */,
				D03A44EC23FB31A400E820E3 /* EpisodeTableViewCell.swift in Sources */,
				D049A1E123F34BC700D3BA81 /* SceneDelegate.swift in Sources */,
				D0CA504E23FC1368005EA535 /* HouseTableViewCell.swift in Sources */,
				D03A44F023FB488100E820E3 /* CastTableViewCell.swift in Sources */,
				D09C998F2403DDBE0036AAEE /* EpisodeDetailViewController.swift in Sources */,
				D020BBDF23F6022F0063843B /* CastViewController.swift in Sources */,
				D09C998B2403D6650036AAEE /* FavoritesViewController.swift in Sources */,
				D020BBE723F607690063843B /* HouseViewController.swift in Sources */,
				D09C9993240425450036AAEE /* HouseDetailViewController.swift in Sources */,
				D03A44FA23FB54E800E820E3 /* House.swift in Sources */,
				D09C997F240140270036AAEE /* CastDetailViewController.swift in Sources */,
				D020BBEF23FA8DA20063843B /* OpenHelp.swift in Sources */,
			);
			runOnlyForDeploymentPostprocessing = 0;
		};
		D049A1ED23F34BD100D3BA81 /* Sources */ = {
			isa = PBXSourcesBuildPhase;
			buildActionMask = 2147483647;
			files = (
				D049A1F623F34BD100D3BA81 /* AppOfThronesTests.swift in Sources */,
			);
			runOnlyForDeploymentPostprocessing = 0;
		};
/* End PBXSourcesBuildPhase section */

/* Begin PBXTargetDependency section */
		D049A1F323F34BD100D3BA81 /* PBXTargetDependency */ = {
			isa = PBXTargetDependency;
			target = D049A1DA23F34BC700D3BA81 /* AppOfThrones */;
			targetProxy = D049A1F223F34BD100D3BA81 /* PBXContainerItemProxy */;
		};
/* End PBXTargetDependency section */

/* Begin PBXVariantGroup section */
		D049A1E923F34BD000D3BA81 /* LaunchScreen.storyboard */ = {
			isa = PBXVariantGroup;
			children = (
				D049A1EA23F34BD000D3BA81 /* Base */,
			);
			name = LaunchScreen.storyboard;
			sourceTree = "<group>";
		};
/* End PBXVariantGroup section */

/* Begin XCBuildConfiguration section */
		D049A1F823F34BD100D3BA81 /* Debug */ = {
			isa = XCBuildConfiguration;
			buildSettings = {
				ALWAYS_SEARCH_USER_PATHS = NO;
				CLANG_ANALYZER_NONNULL = YES;
				CLANG_ANALYZER_NUMBER_OBJECT_CONVERSION = YES_AGGRESSIVE;
				CLANG_CXX_LANGUAGE_STANDARD = "gnu++14";
				CLANG_CXX_LIBRARY = "libc++";
				CLANG_ENABLE_MODULES = YES;
				CLANG_ENABLE_OBJC_ARC = YES;
				CLANG_ENABLE_OBJC_WEAK = YES;
				CLANG_WARN_BLOCK_CAPTURE_AUTORELEASING = YES;
				CLANG_WARN_BOOL_CONVERSION = YES;
				CLANG_WARN_COMMA = YES;
				CLANG_WARN_CONSTANT_CONVERSION = YES;
				CLANG_WARN_DEPRECATED_OBJC_IMPLEMENTATIONS = YES;
				CLANG_WARN_DIRECT_OBJC_ISA_USAGE = YES_ERROR;
				CLANG_WARN_DOCUMENTATION_COMMENTS = YES;
				CLANG_WARN_EMPTY_BODY = YES;
				CLANG_WARN_ENUM_CONVERSION = YES;
				CLANG_WARN_INFINITE_RECURSION = YES;
				CLANG_WARN_INT_CONVERSION = YES;
				CLANG_WARN_NON_LITERAL_NULL_CONVERSION = YES;
				CLANG_WARN_OBJC_IMPLICIT_RETAIN_SELF = YES;
				CLANG_WARN_OBJC_LITERAL_CONVERSION = YES;
				CLANG_WARN_OBJC_ROOT_CLASS = YES_ERROR;
				CLANG_WARN_RANGE_LOOP_ANALYSIS = YES;
				CLANG_WARN_STRICT_PROTOTYPES = YES;
				CLANG_WARN_SUSPICIOUS_MOVE = YES;
				CLANG_WARN_UNGUARDED_AVAILABILITY = YES_AGGRESSIVE;
				CLANG_WARN_UNREACHABLE_CODE = YES;
				CLANG_WARN__DUPLICATE_METHOD_MATCH = YES;
				COPY_PHASE_STRIP = NO;
				DEBUG_INFORMATION_FORMAT = dwarf;
				ENABLE_STRICT_OBJC_MSGSEND = YES;
				ENABLE_TESTABILITY = YES;
				GCC_C_LANGUAGE_STANDARD = gnu11;
				GCC_DYNAMIC_NO_PIC = NO;
				GCC_NO_COMMON_BLOCKS = YES;
				GCC_OPTIMIZATION_LEVEL = 0;
				GCC_PREPROCESSOR_DEFINITIONS = (
					"DEBUG=1",
					"$(inherited)",
				);
				GCC_WARN_64_TO_32_BIT_CONVERSION = YES;
				GCC_WARN_ABOUT_RETURN_TYPE = YES_ERROR;
				GCC_WARN_UNDECLARED_SELECTOR = YES;
				GCC_WARN_UNINITIALIZED_AUTOS = YES_AGGRESSIVE;
				GCC_WARN_UNUSED_FUNCTION = YES;
				GCC_WARN_UNUSED_VARIABLE = YES;
				IPHONEOS_DEPLOYMENT_TARGET = 13.2;
				MTL_ENABLE_DEBUG_INFO = INCLUDE_SOURCE;
				MTL_FAST_MATH = YES;
				ONLY_ACTIVE_ARCH = YES;
				SDKROOT = iphoneos;
				SWIFT_ACTIVE_COMPILATION_CONDITIONS = DEBUG;
				SWIFT_OPTIMIZATION_LEVEL = "-Onone";
			};
			name = Debug;
		};
		D049A1F923F34BD100D3BA81 /* Release */ = {
			isa = XCBuildConfiguration;
			buildSettings = {
				ALWAYS_SEARCH_USER_PATHS = NO;
				CLANG_ANALYZER_NONNULL = YES;
				CLANG_ANALYZER_NUMBER_OBJECT_CONVERSION = YES_AGGRESSIVE;
				CLANG_CXX_LANGUAGE_STANDARD = "gnu++14";
				CLANG_CXX_LIBRARY = "libc++";
				CLANG_ENABLE_MODULES = YES;
				CLANG_ENABLE_OBJC_ARC = YES;
				CLANG_ENABLE_OBJC_WEAK = YES;
				CLANG_WARN_BLOCK_CAPTURE_AUTORELEASING = YES;
				CLANG_WARN_BOOL_CONVERSION = YES;
				CLANG_WARN_COMMA = YES;
				CLANG_WARN_CONSTANT_CONVERSION = YES;
				CLANG_WARN_DEPRECATED_OBJC_IMPLEMENTATIONS = YES;
				CLANG_WARN_DIRECT_OBJC_ISA_USAGE = YES_ERROR;
				CLANG_WARN_DOCUMENTATION_COMMENTS = YES;
				CLANG_WARN_EMPTY_BODY = YES;
				CLANG_WARN_ENUM_CONVERSION = YES;
				CLANG_WARN_INFINITE_RECURSION = YES;
				CLANG_WARN_INT_CONVERSION = YES;
				CLANG_WARN_NON_LITERAL_NULL_CONVERSION = YES;
				CLANG_WARN_OBJC_IMPLICIT_RETAIN_SELF = YES;
				CLANG_WARN_OBJC_LITERAL_CONVERSION = YES;
				CLANG_WARN_OBJC_ROOT_CLASS = YES_ERROR;
				CLANG_WARN_RANGE_LOOP_ANALYSIS = YES;
				CLANG_WARN_STRICT_PROTOTYPES = YES;
				CLANG_WARN_SUSPICIOUS_MOVE = YES;
				CLANG_WARN_UNGUARDED_AVAILABILITY = YES_AGGRESSIVE;
				CLANG_WARN_UNREACHABLE_CODE = YES;
				CLANG_WARN__DUPLICATE_METHOD_MATCH = YES;
				COPY_PHASE_STRIP = NO;
				DEBUG_INFORMATION_FORMAT = "dwarf-with-dsym";
				ENABLE_NS_ASSERTIONS = NO;
				ENABLE_STRICT_OBJC_MSGSEND = YES;
				GCC_C_LANGUAGE_STANDARD = gnu11;
				GCC_NO_COMMON_BLOCKS = YES;
				GCC_WARN_64_TO_32_BIT_CONVERSION = YES;
				GCC_WARN_ABOUT_RETURN_TYPE = YES_ERROR;
				GCC_WARN_UNDECLARED_SELECTOR = YES;
				GCC_WARN_UNINITIALIZED_AUTOS = YES_AGGRESSIVE;
				GCC_WARN_UNUSED_FUNCTION = YES;
				GCC_WARN_UNUSED_VARIABLE = YES;
				IPHONEOS_DEPLOYMENT_TARGET = 13.2;
				MTL_ENABLE_DEBUG_INFO = NO;
				MTL_FAST_MATH = YES;
				SDKROOT = iphoneos;
				SWIFT_COMPILATION_MODE = wholemodule;
				SWIFT_OPTIMIZATION_LEVEL = "-O";
				VALIDATE_PRODUCT = YES;
			};
			name = Release;
		};
		D049A1FB23F34BD100D3BA81 /* Debug */ = {
			isa = XCBuildConfiguration;
			buildSettings = {
				ASSETCATALOG_COMPILER_APPICON_NAME = AppIcon;
				CODE_SIGN_STYLE = Automatic;
				DEVELOPMENT_TEAM = FUC4JJ5SGW;
				INFOPLIST_FILE = AppOfThrones/Info.plist;
				LD_RUNPATH_SEARCH_PATHS = (
					"$(inherited)",
					"@executable_path/Frameworks",
				);
				PRODUCT_BUNDLE_IDENTIFIER = com.cazorlasergio.AppOfThrones;
				PRODUCT_NAME = "$(TARGET_NAME)";
				SWIFT_VERSION = 5.0;
				TARGETED_DEVICE_FAMILY = "1,2";
			};
			name = Debug;
		};
		D049A1FC23F34BD100D3BA81 /* Release */ = {
			isa = XCBuildConfiguration;
			buildSettings = {
				ASSETCATALOG_COMPILER_APPICON_NAME = AppIcon;
				CODE_SIGN_STYLE = Automatic;
				DEVELOPMENT_TEAM = FUC4JJ5SGW;
				INFOPLIST_FILE = AppOfThrones/Info.plist;
				LD_RUNPATH_SEARCH_PATHS = (
					"$(inherited)",
					"@executable_path/Frameworks",
				);
				PRODUCT_BUNDLE_IDENTIFIER = com.cazorlasergio.AppOfThrones;
				PRODUCT_NAME = "$(TARGET_NAME)";
				SWIFT_VERSION = 5.0;
				TARGETED_DEVICE_FAMILY = "1,2";
			};
			name = Release;
		};
		D049A1FE23F34BD100D3BA81 /* Debug */ = {
			isa = XCBuildConfiguration;
			buildSettings = {
				ALWAYS_EMBED_SWIFT_STANDARD_LIBRARIES = YES;
				BUNDLE_LOADER = "$(TEST_HOST)";
				CODE_SIGN_STYLE = Automatic;
				DEVELOPMENT_TEAM = FUC4JJ5SGW;
				INFOPLIST_FILE = AppOfThronesTests/Info.plist;
				IPHONEOS_DEPLOYMENT_TARGET = 13.2;
				LD_RUNPATH_SEARCH_PATHS = (
					"$(inherited)",
					"@executable_path/Frameworks",
					"@loader_path/Frameworks",
				);
				PRODUCT_BUNDLE_IDENTIFIER = com.cazorlasergio.AppOfThronesTests;
				PRODUCT_NAME = "$(TARGET_NAME)";
				SWIFT_VERSION = 5.0;
				TARGETED_DEVICE_FAMILY = "1,2";
				TEST_HOST = "$(BUILT_PRODUCTS_DIR)/AppOfThrones.app/AppOfThrones";
			};
			name = Debug;
		};
		D049A1FF23F34BD100D3BA81 /* Release */ = {
			isa = XCBuildConfiguration;
			buildSettings = {
				ALWAYS_EMBED_SWIFT_STANDARD_LIBRARIES = YES;
				BUNDLE_LOADER = "$(TEST_HOST)";
				CODE_SIGN_STYLE = Automatic;
				DEVELOPMENT_TEAM = FUC4JJ5SGW;
				INFOPLIST_FILE = AppOfThronesTests/Info.plist;
				IPHONEOS_DEPLOYMENT_TARGET = 13.2;
				LD_RUNPATH_SEARCH_PATHS = (
					"$(inherited)",
					"@executable_path/Frameworks",
					"@loader_path/Frameworks",
				);
				PRODUCT_BUNDLE_IDENTIFIER = com.cazorlasergio.AppOfThronesTests;
				PRODUCT_NAME = "$(TARGET_NAME)";
				SWIFT_VERSION = 5.0;
				TARGETED_DEVICE_FAMILY = "1,2";
				TEST_HOST = "$(BUILT_PRODUCTS_DIR)/AppOfThrones.app/AppOfThrones";
			};
			name = Release;
		};
/* End XCBuildConfiguration section */

/* Begin XCConfigurationList section */
		D049A1D623F34BC700D3BA81 /* Build configuration list for PBXProject "AppOfThrones" */ = {
			isa = XCConfigurationList;
			buildConfigurations = (
				D049A1F823F34BD100D3BA81 /* Debug */,
				D049A1F923F34BD100D3BA81 /* Release */,
			);
			defaultConfigurationIsVisible = 0;
			defaultConfigurationName = Release;
		};
		D049A1FA23F34BD100D3BA81 /* Build configuration list for PBXNativeTarget "AppOfThrones" */ = {
			isa = XCConfigurationList;
			buildConfigurations = (
				D049A1FB23F34BD100D3BA81 /* Debug */,
				D049A1FC23F34BD100D3BA81 /* Release */,
			);
			defaultConfigurationIsVisible = 0;
			defaultConfigurationName = Release;
		};
		D049A1FD23F34BD100D3BA81 /* Build configuration list for PBXNativeTarget "AppOfThronesTests" */ = {
			isa = XCConfigurationList;
			buildConfigurations = (
				D049A1FE23F34BD100D3BA81 /* Debug */,
				D049A1FF23F34BD100D3BA81 /* Release */,
			);
			defaultConfigurationIsVisible = 0;
			defaultConfigurationName = Release;
		};
/* End XCConfigurationList section */
	};
	rootObject = D049A1D323F34BC700D3BA81 /* Project object */;
}
